
Microsoft Visual Studio Solution File, Format Version 12.00
# Visual Studio Version 17
VisualStudioVersion = 17.9.34728.123
MinimumVisualStudioVersion = 10.0.40219.1
Project("{9A19103F-16F7-4668-BE54-9A1E7A4F7556}") = "MRK.Library", "MRK.Library\MRK.Library.csproj", "{DB38E638-719E-4A50-8218-07EE4A49C187}"
EndProject
Project("{FAE04EC0-301F-11D3-BF4B-00C04F79EFBC}") = "MKR.Console", "MKR.Console\MKR.Console.csproj", "{0D8ACD3F-CE0E-45B4-B08F-B360B45B6621}"
EndProject
Global
	GlobalSection(SolutionConfigurationPlatforms) = preSolution
		Debug|Any CPU = Debug|Any CPU
		Release|Any CPU = Release|Any CPU
	EndGlobalSection
	GlobalSection(ProjectConfigurationPlatforms) = postSolution
		{DB38E638-719E-4A50-8218-07EE4A49C187}.Debug|Any CPU.ActiveCfg = Debug|Any CPU
		{DB38E638-719E-4A50-8218-07EE4A49C187}.Debug|Any CPU.Build.0 = Debug|Any CPU
		{DB38E638-719E-4A50-8218-07EE4A49C187}.Release|Any CPU.ActiveCfg = Release|Any CPU
		{DB38E638-719E-4A50-8218-07EE4A49C187}.Release|Any CPU.Build.0 = Release|Any CPU
		{0D8ACD3F-CE0E-45B4-B08F-B360B45B6621}.Debug|Any CPU.ActiveCfg = Debug|Any CPU
		{0D8ACD3F-CE0E-45B4-B08F-B360B45B6621}.Debug|Any CPU.Build.0 = Debug|Any CPU
		{0D8ACD3F-CE0E-45B4-B08F-B360B45B6621}.Release|Any CPU.ActiveCfg = Release|Any CPU
		{0D8ACD3F-CE0E-45B4-B08F-B360B45B6621}.Release|Any CPU.Build.0 = Release|Any CPU
	EndGlobalSection
	GlobalSection(SolutionProperties) = preSolution
		HideSolutionNode = FALSE
	EndGlobalSection
	GlobalSection(ExtensibilityGlobals) = postSolution
		SolutionGuid = {723424C6-6CF5-4660-9DC7-7B835CA802BD}
	EndGlobalSection
EndGlobal
